
Microsoft Visual Studio Solution File, Format Version 12.00
# Visual Studio Version 17
VisualStudioVersion = 17.13.35919.96
MinimumVisualStudioVersion = 10.0.40219.1
Project("{FAE04EC0-301F-11D3-BF4B-00C04F79EFBC}") = "RedStar.Amounts.Library", "RedStar.Amounts.Library\RedStar.Amounts.Library.csproj", "{5EC7C13E-ACC0-4B0D-9302-1305A3941A2B}"
EndProject
Project("{FAE04EC0-301F-11D3-BF4B-00C04F79EFBC}") = "RedStar.Amounts.StandardUnits.Library", "RedStar.Amounts.StandardUnits.Library\RedStar.Amounts.StandardUnits.Library.csproj", "{E6D4B9FE-8AD4-4F6A-B3FB-684AEE1D6718}"
EndProject
Project("{FAE04EC0-301F-11D3-BF4B-00C04F79EFBC}") = "TempestMonitor", "TempestMonitor\TempestMonitor.csproj", "{AD4A0FAA-F986-46A9-9AB1-F6EFE5421392}"
EndProject
Project("{FAE04EC0-301F-11D3-BF4B-00C04F79EFBC}") = "SQLite-net-std", "..\sqlite-net\nuget\SQLite-net-std\SQLite-net-std.csproj", "{180FAFD4-6AA5-F4CE-B4A0-8C4821365A38}"
EndProject
Global
	GlobalSection(SolutionConfigurationPlatforms) = preSolution
		Debug|Any CPU = Debug|Any CPU
		Release|Any CPU = Release|Any CPU
	EndGlobalSection
	GlobalSection(ProjectConfigurationPlatforms) = postSolution
		{5EC7C13E-ACC0-4B0D-9302-1305A3941A2B}.Debug|Any CPU.ActiveCfg = Debug|Any CPU
		{5EC7C13E-ACC0-4B0D-9302-1305A3941A2B}.Debug|Any CPU.Build.0 = Debug|Any CPU
		{5EC7C13E-ACC0-4B0D-9302-1305A3941A2B}.Release|Any CPU.ActiveCfg = Release|Any CPU
		{5EC7C13E-ACC0-4B0D-9302-1305A3941A2B}.Release|Any CPU.Build.0 = Release|Any CPU
		{E6D4B9FE-8AD4-4F6A-B3FB-684AEE1D6718}.Debug|Any CPU.ActiveCfg = Debug|Any CPU
		{E6D4B9FE-8AD4-4F6A-B3FB-684AEE1D6718}.Debug|Any CPU.Build.0 = Debug|Any CPU
		{E6D4B9FE-8AD4-4F6A-B3FB-684AEE1D6718}.Release|Any CPU.ActiveCfg = Release|Any CPU
		{E6D4B9FE-8AD4-4F6A-B3FB-684AEE1D6718}.Release|Any CPU.Build.0 = Release|Any CPU
		{AD4A0FAA-F986-46A9-9AB1-F6EFE5421392}.Debug|Any CPU.ActiveCfg = Debug|Any CPU
		{AD4A0FAA-F986-46A9-9AB1-F6EFE5421392}.Debug|Any CPU.Build.0 = Debug|Any CPU
		{AD4A0FAA-F986-46A9-9AB1-F6EFE5421392}.Debug|Any CPU.Deploy.0 = Debug|Any CPU
		{AD4A0FAA-F986-46A9-9AB1-F6EFE5421392}.Release|Any CPU.ActiveCfg = Release|Any CPU
		{AD4A0FAA-F986-46A9-9AB1-F6EFE5421392}.Release|Any CPU.Build.0 = Release|Any CPU
		{180FAFD4-6AA5-F4CE-B4A0-8C4821365A38}.Debug|Any CPU.ActiveCfg = Debug|Any CPU
		{180FAFD4-6AA5-F4CE-B4A0-8C4821365A38}.Debug|Any CPU.Build.0 = Debug|Any CPU
		{180FAFD4-6AA5-F4CE-B4A0-8C4821365A38}.Release|Any CPU.ActiveCfg = Release|Any CPU
		{180FAFD4-6AA5-F4CE-B4A0-8C4821365A38}.Release|Any CPU.Build.0 = Release|Any CPU
	EndGlobalSection
	GlobalSection(SolutionProperties) = preSolution
		HideSolutionNode = FALSE
	EndGlobalSection
	GlobalSection(ExtensibilityGlobals) = postSolution
		SolutionGuid = {90B8A82D-7B3F-4C6D-85CF-650BEC0D1D0B}
	EndGlobalSection
EndGlobal
